PODS:
  - Alamofire (4.6.0)
  - JSQMessagesViewController (7.3.5):
    - JSQSystemSoundPlayer (~> 2.0.1)
  - JSQSystemSoundPlayer (2.0.1)
  - ObjectMapper (2.2.9)
  - openweathermap-swift-sdk (0.1.0):
    - Alamofire (~> 4.4)
    - ObjectMapper (~> 2.2)
  - OpenWeatherSwift (1.0.1):
    - Alamofire
    - SwiftyJSON
  - SwiftyJSON (4.0.0)

DEPENDENCIES:
  - Alamofire
  - JSQMessagesViewController
  - ObjectMapper
  - openweathermap-swift-sdk
  - OpenWeatherSwift
  - SwiftyJSON

SPEC CHECKSUMS:
  Alamofire: f41a599bd63041760b26d393ec1069d9d7b917f4
  JSQMessagesViewController: 6587f56aedbcb150a8ba1d968e1ef58b1bc758b7
  JSQSystemSoundPlayer: c5850e77a4363ffd374cd851154b9af93264ed8d
  ObjectMapper: 63cfe41bc6f8e7c8f44344c49901b8ae7de14c52
  openweathermap-swift-sdk: a3d43005ee6ed0e11c9ec62f9f5f4d737d42545e
  OpenWeatherSwift: 2bce687b07f7f663b30c1947176346508c5963a7
  SwiftyJSON: 070dabdcb1beb81b247c65ffa3a79dbbfb3b48aa

PODFILE CHECKSUM: a6fadb9a16f694370f9b6b8ab494964aa6466753

COCOAPODS: 1.4.0
